{
    "_readme": [
        "This file locks the dependencies of your project to a known state",
        "Read more about it at http://getcomposer.org/doc/01-basic-usage.md#composer-lock-the-lock-file"
    ],
    "hash": "e4c55fd6260ebb6737e6c6ff5e9c2eeb",
    "packages": [
        {
            "name": "assisrafael/giix",
            "version": "dev-master",
            "source": {
                "type": "git",
                "url": "https://github.com/assisrafael/giix.git",
                "reference": "348e4fb9bed9ba2aa7b9936baa0ad94db63ea936"
            },
            "dist": {
                "type": "zip",
                "url": "https://api.github.com/repos/assisrafael/giix/zipball/348e4fb9bed9ba2aa7b9936baa0ad94db63ea936",
                "reference": "348e4fb9bed9ba2aa7b9936baa0ad94db63ea936",
                "shasum": ""
            },
            "require": {
                "yiisoft/yii": ">=1.1.8"
            },
            "type": "yii-extension",
            "notification-url": "https://packagist.org/downloads/",
            "authors": [
                {
                    "name": "Rodrigo Coelho",
                    "email": "rodrigo.coelho@gmail.com"
                }
            ],
            "description": "giix is Gii Extended, a code generator for Yii PHP framework – with extras",
            "time": "2013-10-16 14:17:14"
        },
        {
            "name": "crisu83/yii-auth",
            "version": "dev-master",
            "source": {
                "type": "git",
                "url": "https://github.com/Crisu83/yii-auth.git",
                "reference": "c1b9108a41f78a46c77e073866410d10e283ac9a"
            },
            "dist": {
                "type": "zip",
                "url": "https://github.com/Crisu83/yii-auth/archive/c1b9108a41f78a46c77e073866410d10e283ac9a.zip",
                "reference": null,
                "shasum": null
            },
            "type": "yii-extension",
            "description": "Web UI for Yii's authorization manager.",
            "homepage": "https://github.com/Crisu83/yii-auth",
            "time": "2013-12-02 12:00:42"
        },
        {
            "name": "crisu83/yii-debug",
            "version": "dev-master",
            "source": {
                "type": "git",
                "url": "https://github.com/Crisu83/yii-debug.git",
                "reference": "081e9c985f44e0c0e0de13b70190b1004ff54115"
            },
            "dist": {
                "type": "zip",
                "url": "https://api.github.com/repos/Crisu83/yii-debug/zipball/081e9c985f44e0c0e0de13b70190b1004ff54115",
                "reference": "081e9c985f44e0c0e0de13b70190b1004ff54115",
                "shasum": ""
            },
            "type": "yii-extension",
            "notification-url": "https://packagist.org/downloads/",
            "license": [
                "BSD-3-Clause"
            ],
            "authors": [
                {
                    "name": "Christoffer Niska",
                    "email": "christoffer.niska@gmail.com",
                    "homepage": "http://www.cniska.net/"
                }
            ],
            "description": "Debugging tools for the Yii PHP framework.",
            "keywords": [
                "debug"
            ],
            "time": "2013-06-27 20:32:04"
        },
        {
            "name": "crisu83/yii-seo",
            "version": "dev-master",
            "source": {
                "type": "git",
                "url": "https://github.com/Crisu83/yii-seo.git",
                "reference": "1ff24a392b1e8ba753e9389065fd23a9becee17a"
            },
            "dist": {
                "type": "zip",
                "url": "https://api.github.com/repos/Crisu83/yii-seo/zipball/1ff24a392b1e8ba753e9389065fd23a9becee17a",
                "reference": "1ff24a392b1e8ba753e9389065fd23a9becee17a",
                "shasum": ""
            },
            "type": "yii-extension",
            "notification-url": "https://packagist.org/downloads/",
            "license": [
                "BSD-3-Clause"
            ],
            "authors": [
                {
                    "name": "Christoffer Niska",
                    "email": "christoffer.niska@gmail.com",
                    "homepage": "http://www.cniska.net/"
                }
            ],
            "description": "Search engine optimization for the Yii PHP framework.",
            "keywords": [
                "seo"
            ],
            "time": "2013-07-03 21:11:06"
        },
        {
            "name": "yiiext/imperavi-redactor-widget",
            "version": "dev-master",
            "source": {
                "type": "git",
                "url": "https://github.com/yiiext/imperavi-redactor-widget.git",
                "reference": "fd3df83e631e44847e02cf39d7865a8cb6969d56"
            },
            "dist": {
                "type": "zip",
                "url": "https://github.com/yiiext/imperavi-redactor-widget/archive/fd3df83e631e44847e02cf39d7865a8cb6969d56.zip",
                "reference": null,
                "shasum": null
            },
            "type": "yii-extension",
            "description": "Imperavi Redactor WYSIWYG widget (OEM-licensed for Yii)",
            "homepage": "https://github.com/yiiext/imperavi-redactor-widget",
            "time": "2014-03-03 17:55:39"
        },
        {
            "name": "yiiext/migrate-command",
            "version": "dev-master",
            "source": {
                "type": "git",
                "url": "https://github.com/yiiext/migrate-command.git",
                "reference": "35f315b1fedc40bc9f551758bdb2b7f969d48005"
            },
            "dist": {
                "type": "zip",
                "url": "https://github.com/yiiext/migrate-command/archive/35f315b1fedc40bc9f551758bdb2b7f969d48005.zip",
                "reference": null,
                "shasum": null
            },
            "type": "yii-extension",
            "description": "This is an enhanced version of the Yii Database Migration Tool that adds module support and many more usefull features.",
            "homepage": "https://github.com/yiiext/migrate-command",
            "time": "2013-05-09 15:14:47"
        },
        {
            "name": "yiiext/status-behavior",
            "version": "dev-master",
            "source": {
                "type": "git",
                "url": "https://github.com/yiiext/status-behavior.git",
                "reference": "c0800bab2f79b47e00814820ef86333a35315a99"
            },
            "dist": {
                "type": "zip",
                "url": "https://github.com/yiiext/status-behavior/archive/c0800bab2f79b47e00814820ef86333a35315a99.zip",
                "reference": null,
                "shasum": null
            },
            "type": "yii-extension",
            "description": "Provides methods and named scopes to work with model statuses.",
            "homepage": "https://github.com/yiiext/status-behavior",
            "time": "2013-12-24 17:57:24"
        },
        {
            "name": "yiisoft/yii",
            "version": "1.1.14",
            "source": {
                "type": "git",
                "url": "https://github.com/yiisoft/yii.git",
                "reference": "f0fee98ee84f70f1f3652f65562c9670e919cb4e"
            },
            "dist": {
                "type": "zip",
                "url": "https://github.com/yiisoft/yii/archive/f0fee98ee84f70f1f3652f65562c9670e919cb4e.zip",
                "reference": null,
                "shasum": null
            },
            "type": "library",
            "description": "Yii PHP Framework",
            "homepage": "https://github.com/yiisoft/yii"
        }
    ],
    "packages-dev": [
        {
            "name": "malyshev/yii-debug-toolbar",
            "version": "dev-master",
            "source": {
                "type": "git",
                "url": "https://github.com/malyshev/yii-debug-toolbar.git",
                "reference": "3cb6ba29487e51c661eef098a29fa8c1195706da"
            },
            "dist": {
                "type": "zip",
                "url": "https://github.com/malyshev/yii-debug-toolbar/archive/3cb6ba29487e51c661eef098a29fa8c1195706da.zip",
                "reference": null,
                "shasum": null
            },
            "type": "yii-extension",
            "description": "A configurable set of panels that display various debug information about the current request/response. ",
            "homepage": "https://github.com/malyshev/yii-debug-toolbar",
            "time": "2013-12-11 15:02:26"
        }
    ],
    "aliases": [

    ],
    "minimum-stability": "stable",
    "stability-flags": {
        "yiiext/migrate-command": 20,
        "yiiext/status-behavior": 20,
        "yiiext/imperavi-redactor-widget": 20,
        "assisrafael/giix": 20,
        "crisu83/yii-auth": 20,
        "crisu83/yii-seo": 20,
        "crisu83/yii-debug": 20,
        "malyshev/yii-debug-toolbar": 20
    },
    "platform": {
        "php": ">=5.3.2"
    },
    "platform-dev": [

    ]
}
